
Microsoft Visual Studio Solution File, Format Version 12.00
# Visual Studio 15
VisualStudioVersion = 15.0.27004.2008
MinimumVisualStudioVersion = 10.0.40219.1
Project("{FAE04EC0-301F-11D3-BF4B-00C04F79EFBC}") = "Csharp.WebCompiler", "Csharp.WebCompiler\Csharp.WebCompiler.csproj", "{07D52CCC-7982-4B40-9A6A-892DBCF4743D}"
EndProject
Global
	GlobalSection(SolutionConfigurationPlatforms) = preSolution
		Debug|Any CPU = Debug|Any CPU
		Release|Any CPU = Release|Any CPU
	EndGlobalSection
	GlobalSection(ProjectConfigurationPlatforms) = postSolution
		{07D52CCC-7982-4B40-9A6A-892DBCF4743D}.Debug|Any CPU.ActiveCfg = Debug|Any CPU
		{07D52CCC-7982-4B40-9A6A-892DBCF4743D}.Debug|Any CPU.Build.0 = Debug|Any CPU
		{07D52CCC-7982-4B40-9A6A-892DBCF4743D}.Release|Any CPU.ActiveCfg = Release|Any CPU
		{07D52CCC-7982-4B40-9A6A-892DBCF4743D}.Release|Any CPU.Build.0 = Release|Any CPU
	EndGlobalSection
	GlobalSection(SolutionProperties) = preSolution
		HideSolutionNode = FALSE
	EndGlobalSection
	GlobalSection(ExtensibilityGlobals) = postSolution
		SolutionGuid = {88458E4D-81B3-4A43-9A9A-A99787047F16}
	EndGlobalSection
EndGlobal
